
Microsoft Visual Studio Solution File, Format Version 12.00
# Visual Studio Version 16
VisualStudioVersion = 25.0.1706.4
MinimumVisualStudioVersion = 10.0.40219.1
Project("{FAE04EC0-301F-11D3-BF4B-00C04F79EFBC}") = "SABIC.Mobile.Android", "SABIC.Mobile\SABIC.Mobile.Android\SABIC.Mobile.Android.csproj", "{010351D8-755B-4C53-9302-1C97738E9F8D}"
EndProject
Project("{FAE04EC0-301F-11D3-BF4B-00C04F79EFBC}") = "SABIC.Mobile.iOS", "SABIC.Mobile\SABIC.Mobile.iOS\SABIC.Mobile.iOS.csproj", "{43DB8048-3C6F-4D1D-A515-F5B648AC2C2A}"
EndProject
Project("{FAE04EC0-301F-11D3-BF4B-00C04F79EFBC}") = "SABIC.Mobile", "SABIC.Mobile\SABIC.Mobile\SABIC.Mobile.csproj", "{9DBA7A1F-EC15-42EA-B5F1-47B369F06BF7}"
EndProject
Global
	GlobalSection(SolutionConfigurationPlatforms) = preSolution
		Debug|Any CPU = Debug|Any CPU
		Release|Any CPU = Release|Any CPU
		Debug|iPhoneSimulator = Debug|iPhoneSimulator
		Release|iPhoneSimulator = Release|iPhoneSimulator
		Debug|iPhone = Debug|iPhone
		Release|iPhone = Release|iPhone
	EndGlobalSection
	GlobalSection(ProjectConfigurationPlatforms) = postSolution
		{010351D8-755B-4C53-9302-1C97738E9F8D}.Debug|Any CPU.ActiveCfg = Debug|Any CPU
		{010351D8-755B-4C53-9302-1C97738E9F8D}.Debug|Any CPU.Build.0 = Debug|Any CPU
		{010351D8-755B-4C53-9302-1C97738E9F8D}.Release|Any CPU.ActiveCfg = Release|Any CPU
		{010351D8-755B-4C53-9302-1C97738E9F8D}.Release|Any CPU.Build.0 = Release|Any CPU
		{010351D8-755B-4C53-9302-1C97738E9F8D}.Debug|iPhoneSimulator.ActiveCfg = Debug|Any CPU
		{010351D8-755B-4C53-9302-1C97738E9F8D}.Debug|iPhoneSimulator.Build.0 = Debug|Any CPU
		{010351D8-755B-4C53-9302-1C97738E9F8D}.Release|iPhoneSimulator.ActiveCfg = Release|Any CPU
		{010351D8-755B-4C53-9302-1C97738E9F8D}.Release|iPhoneSimulator.Build.0 = Release|Any CPU
		{010351D8-755B-4C53-9302-1C97738E9F8D}.Debug|iPhone.ActiveCfg = Debug|Any CPU
		{010351D8-755B-4C53-9302-1C97738E9F8D}.Debug|iPhone.Build.0 = Debug|Any CPU
		{010351D8-755B-4C53-9302-1C97738E9F8D}.Release|iPhone.ActiveCfg = Release|Any CPU
		{010351D8-755B-4C53-9302-1C97738E9F8D}.Release|iPhone.Build.0 = Release|Any CPU
		{43DB8048-3C6F-4D1D-A515-F5B648AC2C2A}.Debug|Any CPU.ActiveCfg = Debug|iPhoneSimulator
		{43DB8048-3C6F-4D1D-A515-F5B648AC2C2A}.Debug|Any CPU.Build.0 = Debug|iPhoneSimulator
		{43DB8048-3C6F-4D1D-A515-F5B648AC2C2A}.Release|Any CPU.ActiveCfg = Release|iPhoneSimulator
		{43DB8048-3C6F-4D1D-A515-F5B648AC2C2A}.Release|Any CPU.Build.0 = Release|iPhoneSimulator
		{43DB8048-3C6F-4D1D-A515-F5B648AC2C2A}.Debug|iPhoneSimulator.ActiveCfg = Debug|iPhoneSimulator
		{43DB8048-3C6F-4D1D-A515-F5B648AC2C2A}.Debug|iPhoneSimulator.Build.0 = Debug|iPhoneSimulator
		{43DB8048-3C6F-4D1D-A515-F5B648AC2C2A}.Release|iPhoneSimulator.ActiveCfg = Release|iPhoneSimulator
		{43DB8048-3C6F-4D1D-A515-F5B648AC2C2A}.Release|iPhoneSimulator.Build.0 = Release|iPhoneSimulator
		{43DB8048-3C6F-4D1D-A515-F5B648AC2C2A}.Debug|iPhone.ActiveCfg = Debug|iPhone
		{43DB8048-3C6F-4D1D-A515-F5B648AC2C2A}.Debug|iPhone.Build.0 = Debug|iPhone
		{43DB8048-3C6F-4D1D-A515-F5B648AC2C2A}.Release|iPhone.ActiveCfg = Release|iPhone
		{43DB8048-3C6F-4D1D-A515-F5B648AC2C2A}.Release|iPhone.Build.0 = Release|iPhone
		{9DBA7A1F-EC15-42EA-B5F1-47B369F06BF7}.Debug|Any CPU.ActiveCfg = Debug|Any CPU
		{9DBA7A1F-EC15-42EA-B5F1-47B369F06BF7}.Debug|Any CPU.Build.0 = Debug|Any CPU
		{9DBA7A1F-EC15-42EA-B5F1-47B369F06BF7}.Release|Any CPU.ActiveCfg = Release|Any CPU
		{9DBA7A1F-EC15-42EA-B5F1-47B369F06BF7}.Release|Any CPU.Build.0 = Release|Any CPU
		{9DBA7A1F-EC15-42EA-B5F1-47B369F06BF7}.Debug|iPhoneSimulator.ActiveCfg = Debug|Any CPU
		{9DBA7A1F-EC15-42EA-B5F1-47B369F06BF7}.Debug|iPhoneSimulator.Build.0 = Debug|Any CPU
		{9DBA7A1F-EC15-42EA-B5F1-47B369F06BF7}.Release|iPhoneSimulator.ActiveCfg = Release|Any CPU
		{9DBA7A1F-EC15-42EA-B5F1-47B369F06BF7}.Release|iPhoneSimulator.Build.0 = Release|Any CPU
		{9DBA7A1F-EC15-42EA-B5F1-47B369F06BF7}.Debug|iPhone.ActiveCfg = Debug|Any CPU
		{9DBA7A1F-EC15-42EA-B5F1-47B369F06BF7}.Debug|iPhone.Build.0 = Debug|Any CPU
		{9DBA7A1F-EC15-42EA-B5F1-47B369F06BF7}.Release|iPhone.ActiveCfg = Release|Any CPU
		{9DBA7A1F-EC15-42EA-B5F1-47B369F06BF7}.Release|iPhone.Build.0 = Release|Any CPU
	EndGlobalSection
	GlobalSection(SolutionProperties) = preSolution
		HideSolutionNode = FALSE
	EndGlobalSection
	GlobalSection(ExtensibilityGlobals) = postSolution
		SolutionGuid = {D873E2AB-0FCC-4E07-BF4A-033701F703D2}
	EndGlobalSection
EndGlobal
